
Microsoft Visual Studio Solution File, Format Version 12.00
# Visual Studio Version 17
VisualStudioVersion = 17.5.33414.496
MinimumVisualStudioVersion = 10.0.40219.1
Project("{FAE04EC0-301F-11D3-BF4B-00C04F79EFBC}") = "KataTraining", "KataTraining\KataTraining.csproj", "{419A6E28-DBF1-42FE-AFB2-9C4393506C16}"
EndProject
Project("{FAE04EC0-301F-11D3-BF4B-00C04F79EFBC}") = "KataTraining.Tests", "KataTraining.Tests\KataTraining.Tests.csproj", "{EE811A05-AFA8-4C93-88D5-6FDA653C3C85}"
EndProject
Global
	GlobalSection(SolutionConfigurationPlatforms) = preSolution
		Debug|Any CPU = Debug|Any CPU
		Release|Any CPU = Release|Any CPU
	EndGlobalSection
	GlobalSection(ProjectConfigurationPlatforms) = postSolution
		{419A6E28-DBF1-42FE-AFB2-9C4393506C16}.Debug|Any CPU.ActiveCfg = Debug|Any CPU
		{419A6E28-DBF1-42FE-AFB2-9C4393506C16}.Debug|Any CPU.Build.0 = Debug|Any CPU
		{419A6E28-DBF1-42FE-AFB2-9C4393506C16}.Release|Any CPU.ActiveCfg = Release|Any CPU
		{419A6E28-DBF1-42FE-AFB2-9C4393506C16}.Release|Any CPU.Build.0 = Release|Any CPU
		{EE811A05-AFA8-4C93-88D5-6FDA653C3C85}.Debug|Any CPU.ActiveCfg = Debug|Any CPU
		{EE811A05-AFA8-4C93-88D5-6FDA653C3C85}.Debug|Any CPU.Build.0 = Debug|Any CPU
		{EE811A05-AFA8-4C93-88D5-6FDA653C3C85}.Release|Any CPU.ActiveCfg = Release|Any CPU
		{EE811A05-AFA8-4C93-88D5-6FDA653C3C85}.Release|Any CPU.Build.0 = Release|Any CPU
	EndGlobalSection
	GlobalSection(SolutionProperties) = preSolution
		HideSolutionNode = FALSE
	EndGlobalSection
	GlobalSection(ExtensibilityGlobals) = postSolution
		SolutionGuid = {23764AEE-C194-4FD6-A3B8-655E99D8C7D0}
	EndGlobalSection
EndGlobal
